# This file is automatically @generated by Cargo.
# It is not intended for manual editing.
version = 4

[[package]]
name = "krg-cli"
version = "0.0.0"
dependencies = [
 "krg-core",
]

[[package]]
name = "krg-convert"
version = "0.0.0"
dependencies = [
 "krg-core",
]

[[package]]
name = "krg-core"
version = "0.0.0"

[[package]]
name = "krg-mcp"
version = "0.0.0"
dependencies = [
 "krg-core",
]
